
Microsoft Visual Studio Solution File, Format Version 12.00
# Visual Studio Version 17
VisualStudioVersion = 17.6.33712.159
MinimumVisualStudioVersion = 10.0.40219.1
Project("{FAE04EC0-301F-11D3-BF4B-00C04F79EFBC}") = "1", "1\1.csproj", "{EDCC62C1-3038-4C27-A53D-85434914FEFB}"
EndProject
Project("{FAE04EC0-301F-11D3-BF4B-00C04F79EFBC}") = "2", "2\2.csproj", "{1551BDE0-7560-48AE-9229-B3707524339A}"
EndProject
Project("{FAE04EC0-301F-11D3-BF4B-00C04F79EFBC}") = "3", "3\3.csproj", "{E6411F22-4D1C-46CC-AE9C-1979ABD54861}"
EndProject
Global
	GlobalSection(SolutionConfigurationPlatforms) = preSolution
		Debug|Any CPU = Debug|Any CPU
		Release|Any CPU = Release|Any CPU
	EndGlobalSection
	GlobalSection(ProjectConfigurationPlatforms) = postSolution
		{EDCC62C1-3038-4C27-A53D-85434914FEFB}.Debug|Any CPU.ActiveCfg = Debug|Any CPU
		{EDCC62C1-3038-4C27-A53D-85434914FEFB}.Debug|Any CPU.Build.0 = Debug|Any CPU
		{EDCC62C1-3038-4C27-A53D-85434914FEFB}.Release|Any CPU.ActiveCfg = Release|Any CPU
		{EDCC62C1-3038-4C27-A53D-85434914FEFB}.Release|Any CPU.Build.0 = Release|Any CPU
		{1551BDE0-7560-48AE-9229-B3707524339A}.Debug|Any CPU.ActiveCfg = Debug|Any CPU
		{1551BDE0-7560-48AE-9229-B3707524339A}.Debug|Any CPU.Build.0 = Debug|Any CPU
		{1551BDE0-7560-48AE-9229-B3707524339A}.Release|Any CPU.ActiveCfg = Release|Any CPU
		{1551BDE0-7560-48AE-9229-B3707524339A}.Release|Any CPU.Build.0 = Release|Any CPU
		{E6411F22-4D1C-46CC-AE9C-1979ABD54861}.Debug|Any CPU.ActiveCfg = Debug|Any CPU
		{E6411F22-4D1C-46CC-AE9C-1979ABD54861}.Debug|Any CPU.Build.0 = Debug|Any CPU
		{E6411F22-4D1C-46CC-AE9C-1979ABD54861}.Release|Any CPU.ActiveCfg = Release|Any CPU
		{E6411F22-4D1C-46CC-AE9C-1979ABD54861}.Release|Any CPU.Build.0 = Release|Any CPU
	EndGlobalSection
	GlobalSection(SolutionProperties) = preSolution
		HideSolutionNode = FALSE
	EndGlobalSection
	GlobalSection(ExtensibilityGlobals) = postSolution
		SolutionGuid = {22312F91-1747-4D62-95EF-EAE3E13CB5C7}
	EndGlobalSection
EndGlobal
